
Microsoft Visual Studio Solution File, Format Version 12.00
Project("{FAE04EC0-301F-11D3-BF4B-00C04F79EFBC}") = "BlogAPI", "BlogAPI\BlogAPI.csproj", "{CBDD7958-29E1-4C6A-A110-BE36B93E018C}"
EndProject
Global
	GlobalSection(SolutionConfigurationPlatforms) = preSolution
		Debug|Any CPU = Debug|Any CPU
		Release|Any CPU = Release|Any CPU
	EndGlobalSection
	GlobalSection(ProjectConfigurationPlatforms) = postSolution
		{CBDD7958-29E1-4C6A-A110-BE36B93E018C}.Debug|Any CPU.ActiveCfg = Debug|Any CPU
		{CBDD7958-29E1-4C6A-A110-BE36B93E018C}.Debug|Any CPU.Build.0 = Debug|Any CPU
		{CBDD7958-29E1-4C6A-A110-BE36B93E018C}.Release|Any CPU.ActiveCfg = Release|Any CPU
		{CBDD7958-29E1-4C6A-A110-BE36B93E018C}.Release|Any CPU.Build.0 = Release|Any CPU
	EndGlobalSection
EndGlobal
